// !$*UTF8*$!
{
	archiveVersion = 1;
	classes = {
	};
	objectVersion = 50;
	objects = {

/* Begin PBXBuildFile section */
		12025E92252CE5600014E911 /* ContainerView+Vision.swift in Sources */ = {isa = PBXBuildFile; fileRef = 12025E91252CE5600014E911 /* ContainerView+Vision.swift */; };
		12025E96252CE8CE0014E911 /* CGImagePropertyOrientation+Extensions.swift in Sources */ = {isa = PBXBuildFile; fileRef = 12025E95252CE8CE0014E911 /* CGImagePropertyOrientation+Extensions.swift */; };
		12025E9C252DE6850014E911 /* BoundingBox.swift in Sources */ = {isa = PBXBuildFile; fileRef = 12025E9B252DE6840014E911 /* BoundingBox.swift */; };
		12407ABC2520D5F40071AF0C /* AppDelegate.swift in Sources */ = {isa = PBXBuildFile; fileRef = 12407ABB2520D5F40071AF0C /* AppDelegate.swift */; };
		12407ABE2520D5F40071AF0C /* RootView.swift in Sources */ = {isa = PBXBuildFile; fileRef = 12407ABD2520D5F40071AF0C /* RootView.swift */; };
		12407AC22520D5F50071AF0C /* Assets.xcassets in Resources */ = {isa = PBXBuildFile; fileRef = 12407AC12520D5F50071AF0C /* Assets.xcassets */; };
		12407AC52520D5F50071AF0C /* Preview Assets.xcassets in Resources */ = {isa = PBXBuildFile; fileRef = 12407AC42520D5F50071AF0C /* Preview Assets.xcassets */; };
		12407AC82520D5F50071AF0C /* LaunchScreen.storyboard in Resources */ = {isa = PBXBuildFile; fileRef = 12407AC62520D5F50071AF0C /* LaunchScreen.storyboard */; };
		12407AD52520D8B20071AF0C /* ContainerView.swift in Sources */ = {isa = PBXBuildFile; fileRef = 12407AD42520D8B20071AF0C /* ContainerView.swift */; };
		12407ADA2520DD860071AF0C /* ContainerView+CoachingOverlay.swift in Sources */ = {isa = PBXBuildFile; fileRef = 12407AD92520DD860071AF0C /* ContainerView+CoachingOverlay.swift */; };
		12407ADD2520DD9C0071AF0C /* ContainerView+SessionDelegate.swift in Sources */ = {isa = PBXBuildFile; fileRef = 12407ADC2520DD9C0071AF0C /* ContainerView+SessionDelegate.swift */; };
		12407B4C2520E2840071AF0C /* Math+Extensions.swift in Sources */ = {isa = PBXBuildFile; fileRef = 12407B4B2520E2840071AF0C /* Math+Extensions.swift */; };
		12407B502520E32F0071AF0C /* ARMeshClassification+Extensions.swift in Sources */ = {isa = PBXBuildFile; fileRef = 12407B4F2520E32F0071AF0C /* ARMeshClassification+Extensions.swift */; };
		12407B542520E3AF0071AF0C /* ARMeshGeometry+Extensions.swift in Sources */ = {isa = PBXBuildFile; fileRef = 12407B532520E3AF0071AF0C /* ARMeshGeometry+Extensions.swift */; };
		12407B582520F3950071AF0C /* UIView+Extensions.swift in Sources */ = {isa = PBXBuildFile; fileRef = 12407B572520F3950071AF0C /* UIView+Extensions.swift */; };
		12407B5B2520F42F0071AF0C /* ContainerView+Gestures.swift in Sources */ = {isa = PBXBuildFile; fileRef = 12407B5A2520F42F0071AF0C /* ContainerView+Gestures.swift */; };
		1287B15E2534DEB4001AE066 /* DebugView.swift in Sources */ = {isa = PBXBuildFile; fileRef = 1287B15D2534DEB4001AE066 /* DebugView.swift */; };
		12B12319252247C500C8B334 /* YOLOv3Tiny.mlmodel in Sources */ = {isa = PBXBuildFile; fileRef = 12B12318252247C500C8B334 /* YOLOv3Tiny.mlmodel */; };
/* End PBXBuildFile section */

/* Begin PBXFileReference section */
		12025E91252CE5600014E911 /* ContainerView+Vision.swift */ = {isa = PBXFileReference; lastKnownFileType = sourcecode.swift; path = "ContainerView+Vision.swift"; sourceTree = "<group>"; };
		12025E95252CE8CE0014E911 /* CGImagePropertyOrientation+Extensions.swift */ = {isa = PBXFileReference; lastKnownFileType = sourcecode.swift; path = "CGImagePropertyOrientation+Extensions.swift"; sourceTree = "<group>"; };
		12025E9B252DE6840014E911 /* BoundingBox.swift */ = {isa = PBXFileReference; lastKnownFileType = sourcecode.swift; path = BoundingBox.swift; sourceTree = "<group>"; };
		12407AB82520D5F40071AF0C /* MeshClassification.app */ = {isa = PBXFileReference; explicitFileType = wrapper.application; includeInIndex = 0; path = MeshClassification.app; sourceTree = BUILT_PRODUCTS_DIR; };
		12407ABB2520D5F40071AF0C /* AppDelegate.swift */ = {isa = PBXFileReference; lastKnownFileType = sourcecode.swift; path = AppDelegate.swift; sourceTree = "<group>"; };
		12407ABD2520D5F40071AF0C /* RootView.swift */ = {isa = PBXFileReference; lastKnownFileType = sourcecode.swift; path = RootView.swift; sourceTree = "<group>"; };
		12407AC12520D5F50071AF0C /* Assets.xcassets */ = {isa = PBXFileReference; lastKnownFileType = folder.assetcatalog; path = Assets.xcassets; sourceTree = "<group>"; };
		12407AC42520D5F50071AF0C /* Preview Assets.xcassets */ = {isa = PBXFileReference; lastKnownFileType = folder.assetcatalog; path = "Preview Assets.xcassets"; sourceTree = "<group>"; };
		12407AC72520D5F50071AF0C /* Base */ = {isa = PBXFileReference; lastKnownFileType = file.storyboard; name = Base; path = Base.lproj/LaunchScreen.storyboard; sourceTree = "<group>"; };
		12407AC92520D5F50071AF0C /* Info.plist */ = {isa = PBXFileReference; lastKnownFileType = text.plist.xml; path = Info.plist; sourceTree = "<group>"; };
		12407AD42520D8B20071AF0C /* ContainerView.swift */ = {isa = PBXFileReference; lastKnownFileType = sourcecode.swift; path = ContainerView.swift; sourceTree = "<group>"; };
		12407AD92520DD860071AF0C /* ContainerView+CoachingOverlay.swift */ = {isa = PBXFileReference; lastKnownFileType = sourcecode.swift; path = "ContainerView+CoachingOverlay.swift"; sourceTree = "<group>"; };
		12407ADC2520DD9C0071AF0C /* ContainerView+SessionDelegate.swift */ = {isa = PBXFileReference; lastKnownFileType = sourcecode.swift; path = "ContainerView+SessionDelegate.swift"; sourceTree = "<group>"; };
		12407B4B2520E2840071AF0C /* Math+Extensions.swift */ = {isa = PBXFileReference; lastKnownFileType = sourcecode.swift; path = "Math+Extensions.swift"; sourceTree = "<group>"; };
		12407B4F2520E32F0071AF0C /* ARMeshClassification+Extensions.swift */ = {isa = PBXFileReference; lastKnownFileType = sourcecode.swift; path = "ARMeshClassification+Extensions.swift"; sourceTree = "<group>"; };
		12407B532520E3AF0071AF0C /* ARMeshGeometry+Extensions.swift */ = {isa = PBXFileReference; lastKnownFileType = sourcecode.swift; path = "ARMeshGeometry+Extensions.swift"; sourceTree = "<group>"; };
		12407B572520F3950071AF0C /* UIView+Extensions.swift */ = {isa = PBXFileReference; lastKnownFileType = sourcecode.swift; path = "UIView+Extensions.swift"; sourceTree = "<group>"; };
		12407B5A2520F42F0071AF0C /* ContainerView+Gestures.swift */ = {isa = PBXFileReference; lastKnownFileType = sourcecode.swift; path = "ContainerView+Gestures.swift"; sourceTree = "<group>"; };
		1287B15D2534DEB4001AE066 /* DebugView.swift */ = {isa = PBXFileReference; lastKnownFileType = sourcecode.swift; path = DebugView.swift; sourceTree = "<group>"; };
		12B12318252247C500C8B334 /* YOLOv3Tiny.mlmodel */ = {isa = PBXFileReference; lastKnownFileType = file.mlmodel; path = YOLOv3Tiny.mlmodel; sourceTree = "<group>"; };
/* End PBXFileReference section */

/* Begin PBXFrameworksBuildPhase section */
		12407AB52520D5F40071AF0C /* Frameworks */ = {
			isa = PBXFrameworksBuildPhase;
			buildActionMask = 2147483647;
			files = (
			);
			runOnlyForDeploymentPostprocessing = 0;
		};
/* End PBXFrameworksBuildPhase section */

/* Begin PBXGroup section */
		12407AAF2520D5F40071AF0C = {
			isa = PBXGroup;
			children = (
				12407ABA2520D5F40071AF0C /* MeshClassification */,
				12407AB92520D5F40071AF0C /* Products */,
			);
			sourceTree = "<group>";
		};
		12407AB92520D5F40071AF0C /* Products */ = {
			isa = PBXGroup;
			children = (
				12407AB82520D5F40071AF0C /* MeshClassification.app */,
			);
			name = Products;
			sourceTree = "<group>";
		};
		12407ABA2520D5F40071AF0C /* MeshClassification */ = {
			isa = PBXGroup;
			children = (
				12407AD02520D70B0071AF0C /* Classes */,
				12407AE12520DEAA0071AF0C /* Resources */,
				12407AE02520DE8C0071AF0C /* Storyboards */,
				12407AC92520D5F50071AF0C /* Info.plist */,
				12407AC32520D5F50071AF0C /* Preview Content */,
			);
			path = MeshClassification;
			sourceTree = "<group>";
		};
		12407AC32520D5F50071AF0C /* Preview Content */ = {
			isa = PBXGroup;
			children = (
				12407AC42520D5F50071AF0C /* Preview Assets.xcassets */,
			);
			path = "Preview Content";
			sourceTree = "<group>";
		};
		12407AD02520D70B0071AF0C /* Classes */ = {
			isa = PBXGroup;
			children = (
				12407ABB2520D5F40071AF0C /* AppDelegate.swift */,
				12407AD22520D8960071AF0C /* Views */,
				12407B4E2520E2E20071AF0C /* Extensions */,
			);
			path = Classes;
			sourceTree = "<group>";
		};
		12407AD22520D8960071AF0C /* Views */ = {
			isa = PBXGroup;
			children = (
				12025E9B252DE6840014E911 /* BoundingBox.swift */,
				12407AD42520D8B20071AF0C /* ContainerView.swift */,
				12407AD92520DD860071AF0C /* ContainerView+CoachingOverlay.swift */,
				12407B5A2520F42F0071AF0C /* ContainerView+Gestures.swift */,
				12407ADC2520DD9C0071AF0C /* ContainerView+SessionDelegate.swift */,
				12025E91252CE5600014E911 /* ContainerView+Vision.swift */,
				1287B15D2534DEB4001AE066 /* DebugView.swift */,
				12407ABD2520D5F40071AF0C /* RootView.swift */,
			);
			path = Views;
			sourceTree = "<group>";
		};
		12407AE02520DE8C0071AF0C /* Storyboards */ = {
			isa = PBXGroup;
			children = (
				12407AC62520D5F50071AF0C /* LaunchScreen.storyboard */,
			);
			path = Storyboards;
			sourceTree = "<group>";
		};
		12407AE12520DEAA0071AF0C /* Resources */ = {
			isa = PBXGroup;
			children = (
				12B12318252247C500C8B334 /* YOLOv3Tiny.mlmodel */,
				12407AC12520D5F50071AF0C /* Assets.xcassets */,
			);
			path = Resources;
			sourceTree = "<group>";
		};
		12407B4E2520E2E20071AF0C /* Extensions */ = {
			isa = PBXGroup;
			children = (
				12407B4F2520E32F0071AF0C /* ARMeshClassification+Extensions.swift */,
				12407B532520E3AF0071AF0C /* ARMeshGeometry+Extensions.swift */,
				12025E95252CE8CE0014E911 /* CGImagePropertyOrientation+Extensions.swift */,
				12407B4B2520E2840071AF0C /* Math+Extensions.swift */,
				12407B572520F3950071AF0C /* UIView+Extensions.swift */,
			);
			path = Extensions;
			sourceTree = "<group>";
		};
/* End PBXGroup section */

/* Begin PBXNativeTarget section */
		12407AB72520D5F40071AF0C /* MeshClassification */ = {
			isa = PBXNativeTarget;
			buildConfigurationList = 12407ACC2520D5F50071AF0C /* Build configuration list for PBXNativeTarget "MeshClassification" */;
			buildPhases = (
				12407AB42520D5F40071AF0C /* Sources */,
				12407AB52520D5F40071AF0C /* Frameworks */,
				12407AB62520D5F40071AF0C /* Resources */,
			);
			buildRules = (
			);
			dependencies = (
			);
			name = MeshClassification;
			productName = MeshClassification;
			productReference = 12407AB82520D5F40071AF0C /* MeshClassification.app */;
			productType = "com.apple.product-type.application";
		};
/* End PBXNativeTarget section */

/* Begin PBXProject section */
		12407AB02520D5F40071AF0C /* Project object */ = {
			isa = PBXProject;
			attributes = {
				LastSwiftUpdateCheck = 1200;
				LastUpgradeCheck = 1200;
				TargetAttributes = {
					12407AB72520D5F40071AF0C = {
						CreatedOnToolsVersion = 12.0;
					};
				};
			};
			buildConfigurationList = 12407AB32520D5F40071AF0C /* Build configuration list for PBXProject "MeshClassification" */;
			compatibilityVersion = "Xcode 9.3";
			developmentRegion = en;
			hasScannedForEncodings = 0;
			knownRegions = (
				en,
				Base,
			);
			mainGroup = 12407AAF2520D5F40071AF0C;
			productRefGroup = 12407AB92520D5F40071AF0C /* Products */;
			projectDirPath = "";
			projectRoot = "";
			targets = (
				12407AB72520D5F40071AF0C /* MeshClassification */,
			);
		};
/* End PBXProject section */

/* Begin PBXResourcesBuildPhase section */
		12407AB62520D5F40071AF0C /* Resources */ = {
			isa = PBXResourcesBuildPhase;
			buildActionMask = 2147483647;
			files = (
				12407AC82520D5F50071AF0C /* LaunchScreen.storyboard in Resources */,
				12407AC52520D5F50071AF0C /* Preview Assets.xcassets in Resources */,
				12407AC22520D5F50071AF0C /* Assets.xcassets in Resources */,
			);
			runOnlyForDeploymentPostprocessing = 0;
		};
/* End PBXResourcesBuildPhase section */

/* Begin PBXSourcesBuildPhase section */
		12407AB42520D5F40071AF0C /* Sources */ = {
			isa = PBXSourcesBuildPhase;
			buildActionMask = 2147483647;
			files = (
				12407ADD2520DD9C0071AF0C /* ContainerView+SessionDelegate.swift in Sources */,
				12B12319252247C500C8B334 /* YOLOv3Tiny.mlmodel in Sources */,
				12407B542520E3AF0071AF0C /* ARMeshGeometry+Extensions.swift in Sources */,
				12407ABE2520D5F40071AF0C /* RootView.swift in Sources */,
				12407B582520F3950071AF0C /* UIView+Extensions.swift in Sources */,
				12407B5B2520F42F0071AF0C /* ContainerView+Gestures.swift in Sources */,
				1287B15E2534DEB4001AE066 /* DebugView.swift in Sources */,
				12025E92252CE5600014E911 /* ContainerView+Vision.swift in Sources */,
				12407AD52520D8B20071AF0C /* ContainerView.swift in Sources */,
				12407B4C2520E2840071AF0C /* Math+Extensions.swift in Sources */,
				12025E9C252DE6850014E911 /* BoundingBox.swift in Sources */,
				12407ABC2520D5F40071AF0C /* AppDelegate.swift in Sources */,
				12407B502520E32F0071AF0C /* ARMeshClassification+Extensions.swift in Sources */,
				12407ADA2520DD860071AF0C /* ContainerView+CoachingOverlay.swift in Sources */,
				12025E96252CE8CE0014E911 /* CGImagePropertyOrientation+Extensions.swift in Sources */,
			);
			runOnlyForDeploymentPostprocessing = 0;
		};
/* End PBXSourcesBuildPhase section */

/* Begin PBXVariantGroup section */
		12407AC62520D5F50071AF0C /* LaunchScreen.storyboard */ = {
			isa = PBXVariantGroup;
			children = (
				12407AC72520D5F50071AF0C /* Base */,
			);
			name = LaunchScreen.storyboard;
			sourceTree = "<group>";
		};
/* End PBXVariantGroup section */

/* Begin XCBuildConfiguration section */
		12407ACA2520D5F50071AF0C /* Debug */ = {
			isa = XCBuildConfiguration;
			buildSettings = {
				ALWAYS_SEARCH_USER_PATHS = NO;
				CLANG_ANALYZER_NONNULL = YES;
				CLANG_ANALYZER_NUMBER_OBJECT_CONVERSION = YES_AGGRESSIVE;
				CLANG_CXX_LANGUAGE_STANDARD = "gnu++14";
				CLANG_CXX_LIBRARY = "libc++";
				CLANG_ENABLE_MODULES = YES;
				CLANG_ENABLE_OBJC_ARC = YES;
				CLANG_ENABLE_OBJC_WEAK = YES;
				CLANG_WARN_BLOCK_CAPTURE_AUTORELEASING = YES;
				CLANG_WARN_BOOL_CONVERSION = YES;
				CLANG_WARN_COMMA = YES;
				CLANG_WARN_CONSTANT_CONVERSION = YES;
				CLANG_WARN_DEPRECATED_OBJC_IMPLEMENTATIONS = YES;
				CLANG_WARN_DIRECT_OBJC_ISA_USAGE = YES_ERROR;
				CLANG_WARN_DOCUMENTATION_COMMENTS = YES;
				CLANG_WARN_EMPTY_BODY = YES;
				CLANG_WARN_ENUM_CONVERSION = YES;
				CLANG_WARN_INFINITE_RECURSION = YES;
				CLANG_WARN_INT_CONVERSION = YES;
				CLANG_WARN_NON_LITERAL_NULL_CONVERSION = YES;
				CLANG_WARN_OBJC_IMPLICIT_RETAIN_SELF = YES;
				CLANG_WARN_OBJC_LITERAL_CONVERSION = YES;
				CLANG_WARN_OBJC_ROOT_CLASS = YES_ERROR;
				CLANG_WARN_QUOTED_INCLUDE_IN_FRAMEWORK_HEADER = YES;
				CLANG_WARN_RANGE_LOOP_ANALYSIS = YES;
				CLANG_WARN_STRICT_PROTOTYPES = YES;
				CLANG_WARN_SUSPICIOUS_MOVE = YES;
				CLANG_WARN_UNGUARDED_AVAILABILITY = YES_AGGRESSIVE;
				CLANG_WARN_UNREACHABLE_CODE = YES;
				CLANG_WARN__DUPLICATE_METHOD_MATCH = YES;
				COPY_PHASE_STRIP = NO;
				DEBUG_INFORMATION_FORMAT = dwarf;
				ENABLE_STRICT_OBJC_MSGSEND = YES;
				ENABLE_TESTABILITY = YES;
				GCC_C_LANGUAGE_STANDARD = gnu11;
				GCC_DYNAMIC_NO_PIC = NO;
				GCC_NO_COMMON_BLOCKS = YES;
				GCC_OPTIMIZATION_LEVEL = 0;
				GCC_PREPROCESSOR_DEFINITIONS = (
					"DEBUG=1",
					"$(inherited)",
				);
				GCC_WARN_64_TO_32_BIT_CONVERSION = YES;
				GCC_WARN_ABOUT_RETURN_TYPE = YES_ERROR;
				GCC_WARN_UNDECLARED_SELECTOR = YES;
				GCC_WARN_UNINITIALIZED_AUTOS = YES_AGGRESSIVE;
				GCC_WARN_UNUSED_FUNCTION = YES;
				GCC_WARN_UNUSED_VARIABLE = YES;
				IPHONEOS_DEPLOYMENT_TARGET = 14.0;
				MTL_ENABLE_DEBUG_INFO = INCLUDE_SOURCE;
				MTL_FAST_MATH = YES;
				ONLY_ACTIVE_ARCH = YES;
				SDKROOT = iphoneos;
				SWIFT_ACTIVE_COMPILATION_CONDITIONS = DEBUG;
				SWIFT_OPTIMIZATION_LEVEL = "-Onone";
			};
			name = Debug;
		};
		12407ACB2520D5F50071AF0C /* Release */ = {
			isa = XCBuildConfiguration;
			buildSettings = {
				ALWAYS_SEARCH_USER_PATHS = NO;
				CLANG_ANALYZER_NONNULL = YES;
				CLANG_ANALYZER_NUMBER_OBJECT_CONVERSION = YES_AGGRESSIVE;
				CLANG_CXX_LANGUAGE_STANDARD = "gnu++14";
				CLANG_CXX_LIBRARY = "libc++";
				CLANG_ENABLE_MODULES = YES;
				CLANG_ENABLE_OBJC_ARC = YES;
				CLANG_ENABLE_OBJC_WEAK = YES;
				CLANG_WARN_BLOCK_CAPTURE_AUTORELEASING = YES;
				CLANG_WARN_BOOL_CONVERSION = YES;
				CLANG_WARN_COMMA = YES;
				CLANG_WARN_CONSTANT_CONVERSION = YES;
				CLANG_WARN_DEPRECATED_OBJC_IMPLEMENTATIONS = YES;
				CLANG_WARN_DIRECT_OBJC_ISA_USAGE = YES_ERROR;
				CLANG_WARN_DOCUMENTATION_COMMENTS = YES;
				CLANG_WARN_EMPTY_BODY = YES;
				CLANG_WARN_ENUM_CONVERSION = YES;
				CLANG_WARN_INFINITE_RECURSION = YES;
				CLANG_WARN_INT_CONVERSION = YES;
				CLANG_WARN_NON_LITERAL_NULL_CONVERSION = YES;
				CLANG_WARN_OBJC_IMPLICIT_RETAIN_SELF = YES;
				CLANG_WARN_OBJC_LITERAL_CONVERSION = YES;
				CLANG_WARN_OBJC_ROOT_CLASS = YES_ERROR;
				CLANG_WARN_QUOTED_INCLUDE_IN_FRAMEWORK_HEADER = YES;
				CLANG_WARN_RANGE_LOOP_ANALYSIS = YES;
				CLANG_WARN_STRICT_PROTOTYPES = YES;
				CLANG_WARN_SUSPICIOUS_MOVE = YES;
				CLANG_WARN_UNGUARDED_AVAILABILITY = YES_AGGRESSIVE;
				CLANG_WARN_UNREACHABLE_CODE = YES;
				CLANG_WARN__DUPLICATE_METHOD_MATCH = YES;
				COPY_PHASE_STRIP = NO;
				DEBUG_INFORMATION_FORMAT = "dwarf-with-dsym";
				ENABLE_NS_ASSERTIONS = NO;
				ENABLE_STRICT_OBJC_MSGSEND = YES;
				GCC_C_LANGUAGE_STANDARD = gnu11;
				GCC_NO_COMMON_BLOCKS = YES;
				GCC_WARN_64_TO_32_BIT_CONVERSION = YES;
				GCC_WARN_ABOUT_RETURN_TYPE = YES_ERROR;
				GCC_WARN_UNDECLARED_SELECTOR = YES;
				GCC_WARN_UNINITIALIZED_AUTOS = YES_AGGRESSIVE;
				GCC_WARN_UNUSED_FUNCTION = YES;
				GCC_WARN_UNUSED_VARIABLE = YES;
				IPHONEOS_DEPLOYMENT_TARGET = 14.0;
				MTL_ENABLE_DEBUG_INFO = NO;
				MTL_FAST_MATH = YES;
				SDKROOT = iphoneos;
				SWIFT_COMPILATION_MODE = wholemodule;
				SWIFT_OPTIMIZATION_LEVEL = "-O";
				VALIDATE_PRODUCT = YES;
			};
			name = Release;
		};
		12407ACD2520D5F50071AF0C /* Debug */ = {
			isa = XCBuildConfiguration;
			buildSettings = {
				ASSETCATALOG_COMPILER_APPICON_NAME = AppIcon;
				ASSETCATALOG_COMPILER_GLOBAL_ACCENT_COLOR_NAME = AccentColor;
				CODE_SIGN_STYLE = Automatic;
				DEVELOPMENT_ASSET_PATHS = "\"MeshClassification/Preview Content\"";
				DEVELOPMENT_TEAM = Q69JMRS3FN;
				ENABLE_PREVIEWS = YES;
				INFOPLIST_FILE = MeshClassification/Info.plist;
				LD_RUNPATH_SEARCH_PATHS = (
					"$(inherited)",
					"@executable_path/Frameworks",
				);
				PRODUCT_BUNDLE_IDENTIFIER = com.procore.MeshClassification;
				PRODUCT_NAME = "$(TARGET_NAME)";
				SWIFT_VERSION = 5.0;
				TARGETED_DEVICE_FAMILY = "1,2";
			};
			name = Debug;
		};
		12407ACE2520D5F50071AF0C /* Release */ = {
			isa = XCBuildConfiguration;
			buildSettings = {
				ASSETCATALOG_COMPILER_APPICON_NAME = AppIcon;
				ASSETCATALOG_COMPILER_GLOBAL_ACCENT_COLOR_NAME = AccentColor;
				CODE_SIGN_STYLE = Automatic;
				DEVELOPMENT_ASSET_PATHS = "\"MeshClassification/Preview Content\"";
				DEVELOPMENT_TEAM = Q69JMRS3FN;
				ENABLE_PREVIEWS = YES;
				INFOPLIST_FILE = MeshClassification/Info.plist;
				LD_RUNPATH_SEARCH_PATHS = (
					"$(inherited)",
					"@executable_path/Frameworks",
				);
				PRODUCT_BUNDLE_IDENTIFIER = com.procore.MeshClassification;
				PRODUCT_NAME = "$(TARGET_NAME)";
				SWIFT_VERSION = 5.0;
				TARGETED_DEVICE_FAMILY = "1,2";
			};
			name = Release;
		};
/* End XCBuildConfiguration section */

/* Begin XCConfigurationList section */
		12407AB32520D5F40071AF0C /* Build configuration list for PBXProject "MeshClassification" */ = {
			isa = XCConfigurationList;
			buildConfigurations = (
				12407ACA2520D5F50071AF0C /* Debug */,
				12407ACB2520D5F50071AF0C /* Release */,
			);
			defaultConfigurationIsVisible = 0;
			defaultConfigurationName = Release;
		};
		12407ACC2520D5F50071AF0C /* Build configuration list for PBXNativeTarget "MeshClassification" */ = {
			isa = XCConfigurationList;
			buildConfigurations = (
				12407ACD2520D5F50071AF0C /* Debug */,
				12407ACE2520D5F50071AF0C /* Release */,
			);
			defaultConfigurationIsVisible = 0;
			defaultConfigurationName = Release;
		};
/* End XCConfigurationList section */
	};
	rootObject = 12407AB02520D5F40071AF0C /* Project object */;
}
